
Microsoft Visual Studio Solution File, Format Version 12.00
Project("{FAE04EC0-301F-11D3-BF4B-00C04F79EFBC}") = "NGGStandalone", "NGGStandalone\NGGStandalone.csproj", "{8D6C1D21-26FE-441F-B1BC-7FC9EF654497}"
EndProject
Project("{FAE04EC0-301F-11D3-BF4B-00C04F79EFBC}") = "NGGServer", "NGGServer\NGGServer.csproj", "{5C925197-EADB-4965-9A12-7C8B8B0A927B}"
EndProject
Project("{FAE04EC0-301F-11D3-BF4B-00C04F79EFBC}") = "GameMessages", "GameMessages\GameMessages.csproj", "{1E0453F6-7802-4277-9447-A6F225AE335F}"
EndProject
Global
	GlobalSection(SolutionConfigurationPlatforms) = preSolution
		Debug|Any CPU = Debug|Any CPU
		Release|Any CPU = Release|Any CPU
	EndGlobalSection
	GlobalSection(ProjectConfigurationPlatforms) = postSolution
		{8D6C1D21-26FE-441F-B1BC-7FC9EF654497}.Debug|Any CPU.ActiveCfg = Debug|Any CPU
		{8D6C1D21-26FE-441F-B1BC-7FC9EF654497}.Debug|Any CPU.Build.0 = Debug|Any CPU
		{8D6C1D21-26FE-441F-B1BC-7FC9EF654497}.Release|Any CPU.ActiveCfg = Release|Any CPU
		{8D6C1D21-26FE-441F-B1BC-7FC9EF654497}.Release|Any CPU.Build.0 = Release|Any CPU
		{5C925197-EADB-4965-9A12-7C8B8B0A927B}.Debug|Any CPU.ActiveCfg = Debug|Any CPU
		{5C925197-EADB-4965-9A12-7C8B8B0A927B}.Debug|Any CPU.Build.0 = Debug|Any CPU
		{5C925197-EADB-4965-9A12-7C8B8B0A927B}.Release|Any CPU.ActiveCfg = Release|Any CPU
		{5C925197-EADB-4965-9A12-7C8B8B0A927B}.Release|Any CPU.Build.0 = Release|Any CPU
		{1E0453F6-7802-4277-9447-A6F225AE335F}.Debug|Any CPU.ActiveCfg = Debug|Any CPU
		{1E0453F6-7802-4277-9447-A6F225AE335F}.Debug|Any CPU.Build.0 = Debug|Any CPU
		{1E0453F6-7802-4277-9447-A6F225AE335F}.Release|Any CPU.ActiveCfg = Release|Any CPU
		{1E0453F6-7802-4277-9447-A6F225AE335F}.Release|Any CPU.Build.0 = Release|Any CPU
	EndGlobalSection
EndGlobal
